
Microsoft Visual Studio Solution File, Format Version 12.00
# Visual Studio Version 17
VisualStudioVersion = 17.13.35818.85
MinimumVisualStudioVersion = 10.0.40219.1
Project("{8BC9CEB8-8B4A-11D0-8D11-00A0C91BC942}") = "01 - Windows Forms", "01 - Windows Forms\01 - Windows Forms.vcxproj", "{5BDC36BF-AB6E-4AF3-BB6A-7B1D28049B66}"
EndProject
Project("{FAE04EC0-301F-11D3-BF4B-00C04F79EFBC}") = "02 - WinFormsApp", "02 - WinFormsApp\02 - WinFormsApp.csproj", "{A78AC7AC-5D24-4F9C-9F8F-C66B2E3C2261}"
EndProject
Project("{FAE04EC0-301F-11D3-BF4B-00C04F79EFBC}") = "Task_Scheduler", "Task_Scheduler\Task_Scheduler.csproj", "{3AEB2DD4-2FEE-4C91-B441-349FEBE2FE75}"
EndProject
Project("{FAE04EC0-301F-11D3-BF4B-00C04F79EFBC}") = "03 - Graphics", "03 - Graphics\03 - Graphics.csproj", "{B15CDA07-C251-4965-890D-3A64AE3B500C}"
EndProject
Project("{FAE04EC0-301F-11D3-BF4B-00C04F79EFBC}") = "05 - WPF", "05 - WPF\05 - WPF.csproj", "{095F5EB3-E87C-43D2-BC70-45FC58B813A1}"
EndProject
Global
	GlobalSection(SolutionConfigurationPlatforms) = preSolution
		Debug|Any CPU = Debug|Any CPU
		Debug|x64 = Debug|x64
		Debug|x86 = Debug|x86
		Release|Any CPU = Release|Any CPU
		Release|x64 = Release|x64
		Release|x86 = Release|x86
	EndGlobalSection
	GlobalSection(ProjectConfigurationPlatforms) = postSolution
		{5BDC36BF-AB6E-4AF3-BB6A-7B1D28049B66}.Debug|Any CPU.ActiveCfg = Debug|x64
		{5BDC36BF-AB6E-4AF3-BB6A-7B1D28049B66}.Debug|Any CPU.Build.0 = Debug|x64
		{5BDC36BF-AB6E-4AF3-BB6A-7B1D28049B66}.Debug|x64.ActiveCfg = Debug|x64
		{5BDC36BF-AB6E-4AF3-BB6A-7B1D28049B66}.Debug|x64.Build.0 = Debug|x64
		{5BDC36BF-AB6E-4AF3-BB6A-7B1D28049B66}.Debug|x86.ActiveCfg = Debug|Win32
		{5BDC36BF-AB6E-4AF3-BB6A-7B1D28049B66}.Debug|x86.Build.0 = Debug|Win32
		{5BDC36BF-AB6E-4AF3-BB6A-7B1D28049B66}.Release|Any CPU.ActiveCfg = Release|x64
		{5BDC36BF-AB6E-4AF3-BB6A-7B1D28049B66}.Release|Any CPU.Build.0 = Release|x64
		{5BDC36BF-AB6E-4AF3-BB6A-7B1D28049B66}.Release|x64.ActiveCfg = Release|x64
		{5BDC36BF-AB6E-4AF3-BB6A-7B1D28049B66}.Release|x64.Build.0 = Release|x64
		{5BDC36BF-AB6E-4AF3-BB6A-7B1D28049B66}.Release|x86.ActiveCfg = Release|Win32
		{5BDC36BF-AB6E-4AF3-BB6A-7B1D28049B66}.Release|x86.Build.0 = Release|Win32
		{A78AC7AC-5D24-4F9C-9F8F-C66B2E3C2261}.Debug|Any CPU.ActiveCfg = Debug|Any CPU
		{A78AC7AC-5D24-4F9C-9F8F-C66B2E3C2261}.Debug|Any CPU.Build.0 = Debug|Any CPU
		{A78AC7AC-5D24-4F9C-9F8F-C66B2E3C2261}.Debug|x64.ActiveCfg = Debug|Any CPU
		{A78AC7AC-5D24-4F9C-9F8F-C66B2E3C2261}.Debug|x64.Build.0 = Debug|Any CPU
		{A78AC7AC-5D24-4F9C-9F8F-C66B2E3C2261}.Debug|x86.ActiveCfg = Debug|Any CPU
		{A78AC7AC-5D24-4F9C-9F8F-C66B2E3C2261}.Debug|x86.Build.0 = Debug|Any CPU
		{A78AC7AC-5D24-4F9C-9F8F-C66B2E3C2261}.Release|Any CPU.ActiveCfg = Release|Any CPU
		{A78AC7AC-5D24-4F9C-9F8F-C66B2E3C2261}.Release|Any CPU.Build.0 = Release|Any CPU
		{A78AC7AC-5D24-4F9C-9F8F-C66B2E3C2261}.Release|x64.ActiveCfg = Release|Any CPU
		{A78AC7AC-5D24-4F9C-9F8F-C66B2E3C2261}.Release|x64.Build.0 = Release|Any CPU
		{A78AC7AC-5D24-4F9C-9F8F-C66B2E3C2261}.Release|x86.ActiveCfg = Release|Any CPU
		{A78AC7AC-5D24-4F9C-9F8F-C66B2E3C2261}.Release|x86.Build.0 = Release|Any CPU
		{3AEB2DD4-2FEE-4C91-B441-349FEBE2FE75}.Debug|Any CPU.ActiveCfg = Debug|Any CPU
		{3AEB2DD4-2FEE-4C91-B441-349FEBE2FE75}.Debug|Any CPU.Build.0 = Debug|Any CPU
		{3AEB2DD4-2FEE-4C91-B441-349FEBE2FE75}.Debug|x64.ActiveCfg = Debug|Any CPU
		{3AEB2DD4-2FEE-4C91-B441-349FEBE2FE75}.Debug|x64.Build.0 = Debug|Any CPU
		{3AEB2DD4-2FEE-4C91-B441-349FEBE2FE75}.Debug|x86.ActiveCfg = Debug|Any CPU
		{3AEB2DD4-2FEE-4C91-B441-349FEBE2FE75}.Debug|x86.Build.0 = Debug|Any CPU
		{3AEB2DD4-2FEE-4C91-B441-349FEBE2FE75}.Release|Any CPU.ActiveCfg = Release|Any CPU
		{3AEB2DD4-2FEE-4C91-B441-349FEBE2FE75}.Release|Any CPU.Build.0 = Release|Any CPU
		{3AEB2DD4-2FEE-4C91-B441-349FEBE2FE75}.Release|x64.ActiveCfg = Release|Any CPU
		{3AEB2DD4-2FEE-4C91-B441-349FEBE2FE75}.Release|x64.Build.0 = Release|Any CPU
		{3AEB2DD4-2FEE-4C91-B441-349FEBE2FE75}.Release|x86.ActiveCfg = Release|Any CPU
		{3AEB2DD4-2FEE-4C91-B441-349FEBE2FE75}.Release|x86.Build.0 = Release|Any CPU
		{B15CDA07-C251-4965-890D-3A64AE3B500C}.Debug|Any CPU.ActiveCfg = Debug|Any CPU
		{B15CDA07-C251-4965-890D-3A64AE3B500C}.Debug|Any CPU.Build.0 = Debug|Any CPU
		{B15CDA07-C251-4965-890D-3A64AE3B500C}.Debug|x64.ActiveCfg = Debug|Any CPU
		{B15CDA07-C251-4965-890D-3A64AE3B500C}.Debug|x64.Build.0 = Debug|Any CPU
		{B15CDA07-C251-4965-890D-3A64AE3B500C}.Debug|x86.ActiveCfg = Debug|Any CPU
		{B15CDA07-C251-4965-890D-3A64AE3B500C}.Debug|x86.Build.0 = Debug|Any CPU
		{B15CDA07-C251-4965-890D-3A64AE3B500C}.Release|Any CPU.ActiveCfg = Release|Any CPU
		{B15CDA07-C251-4965-890D-3A64AE3B500C}.Release|Any CPU.Build.0 = Release|Any CPU
		{B15CDA07-C251-4965-890D-3A64AE3B500C}.Release|x64.ActiveCfg = Release|Any CPU
		{B15CDA07-C251-4965-890D-3A64AE3B500C}.Release|x64.Build.0 = Release|Any CPU
		{B15CDA07-C251-4965-890D-3A64AE3B500C}.Release|x86.ActiveCfg = Release|Any CPU
		{B15CDA07-C251-4965-890D-3A64AE3B500C}.Release|x86.Build.0 = Release|Any CPU
		{095F5EB3-E87C-43D2-BC70-45FC58B813A1}.Debug|Any CPU.ActiveCfg = Debug|Any CPU
		{095F5EB3-E87C-43D2-BC70-45FC58B813A1}.Debug|Any CPU.Build.0 = Debug|Any CPU
		{095F5EB3-E87C-43D2-BC70-45FC58B813A1}.Debug|x64.ActiveCfg = Debug|Any CPU
		{095F5EB3-E87C-43D2-BC70-45FC58B813A1}.Debug|x64.Build.0 = Debug|Any CPU
		{095F5EB3-E87C-43D2-BC70-45FC58B813A1}.Debug|x86.ActiveCfg = Debug|Any CPU
		{095F5EB3-E87C-43D2-BC70-45FC58B813A1}.Debug|x86.Build.0 = Debug|Any CPU
		{095F5EB3-E87C-43D2-BC70-45FC58B813A1}.Release|Any CPU.ActiveCfg = Release|Any CPU
		{095F5EB3-E87C-43D2-BC70-45FC58B813A1}.Release|Any CPU.Build.0 = Release|Any CPU
		{095F5EB3-E87C-43D2-BC70-45FC58B813A1}.Release|x64.ActiveCfg = Release|Any CPU
		{095F5EB3-E87C-43D2-BC70-45FC58B813A1}.Release|x64.Build.0 = Release|Any CPU
		{095F5EB3-E87C-43D2-BC70-45FC58B813A1}.Release|x86.ActiveCfg = Release|Any CPU
		{095F5EB3-E87C-43D2-BC70-45FC58B813A1}.Release|x86.Build.0 = Release|Any CPU
	EndGlobalSection
	GlobalSection(SolutionProperties) = preSolution
		HideSolutionNode = FALSE
	EndGlobalSection
	GlobalSection(ExtensibilityGlobals) = postSolution
		SolutionGuid = {A2E971DF-86F7-4788-8035-D1459AFD11B0}
	EndGlobalSection
EndGlobal
